
Microsoft Visual Studio Solution File, Format Version 12.00
# Visual Studio Version 17
VisualStudioVersion = 17.5.33424.131
MinimumVisualStudioVersion = 10.0.40219.1
Project("{9A19103F-16F7-4668-BE54-9A1E7A4F7556}") = "RainbowSharp", "RainbowSharp\RainbowSharp.csproj", "{87D64C0D-FD16-49E0-A823-1707AB2221A6}"
EndProject
Global
	GlobalSection(SolutionConfigurationPlatforms) = preSolution
		Debug|Any CPU = Debug|Any CPU
		Rainbow|Any CPU = Rainbow|Any CPU
		Release|Any CPU = Release|Any CPU
	EndGlobalSection
	GlobalSection(ProjectConfigurationPlatforms) = postSolution
		{87D64C0D-FD16-49E0-A823-1707AB2221A6}.Debug|Any CPU.ActiveCfg = Debug|Any CPU
		{87D64C0D-FD16-49E0-A823-1707AB2221A6}.Debug|Any CPU.Build.0 = Debug|Any CPU
		{87D64C0D-FD16-49E0-A823-1707AB2221A6}.Rainbow|Any CPU.ActiveCfg = Rainbow|Any CPU
		{87D64C0D-FD16-49E0-A823-1707AB2221A6}.Rainbow|Any CPU.Build.0 = Rainbow|Any CPU
		{87D64C0D-FD16-49E0-A823-1707AB2221A6}.Release|Any CPU.ActiveCfg = Release|Any CPU
		{87D64C0D-FD16-49E0-A823-1707AB2221A6}.Release|Any CPU.Build.0 = Release|Any CPU
	EndGlobalSection
	GlobalSection(SolutionProperties) = preSolution
		HideSolutionNode = FALSE
	EndGlobalSection
	GlobalSection(ExtensibilityGlobals) = postSolution
		SolutionGuid = {F4811F8A-8FEA-4852-AA3B-D23A6810B40E}
	EndGlobalSection
EndGlobal
